
Microsoft Visual Studio Solution File, Format Version 12.00
# Visual Studio 15
VisualStudioVersion = 15.0.28010.2016
MinimumVisualStudioVersion = 10.0.40219.1
Project("{9A19103F-16F7-4668-BE54-9A1E7A4F7556}") = "SSNZ.Steam2019.Service", "SSNZ.Steam2019.Service\SSNZ.Steam2019.Service.csproj", "{BDD3ED36-7FEE-4EB4-8B35-12BE7D574D9F}"
EndProject
Project("{9A19103F-16F7-4668-BE54-9A1E7A4F7556}") = "SSNZ.Steam2019.Tests", "SSNZ.Steam2019.Tests\SSNZ.Steam2019.Tests.csproj", "{E13CDA64-4E3C-4F98-BAB9-56ED2FEBF23F}"
EndProject
Project("{9A19103F-16F7-4668-BE54-9A1E7A4F7556}") = "SSNZ.SamSmithNZ2019.Web", "SSNZ.SamSmithNZ2019.Web\SSNZ.SamSmithNZ2019.Web.csproj", "{59763748-1455-4337-AB0F-B1DBC0A41E18}"
EndProject
Project("{2150E333-8FDC-42A3-9474-1A3956D46DE8}") = "Steam", "Steam", "{EEEB1ECD-AFD0-4255-8561-2102C4800F1E}"
EndProject
Project("{2150E333-8FDC-42A3-9474-1A3956D46DE8}") = "Lego", "Lego", "{BB00A5BE-CFB1-4D74-BEE8-A9D314716806}"
EndProject
Project("{FAE04EC0-301F-11D3-BF4B-00C04F79EFBC}") = "SSNZ.Lego.DownloadFilesApp", "SSNZ.Lego.DownloadFilesApp\SSNZ.Lego.DownloadFilesApp.csproj", "{66370E4C-74EB-4922-BAB4-DCD175C0BE71}"
EndProject
Project("{2150E333-8FDC-42A3-9474-1A3956D46DE8}") = "DevOps", "DevOps", "{FA2E4CCD-8F28-459D-8E12-45482A05E8D8}"
EndProject
Project("{FAE04EC0-301F-11D3-BF4B-00C04F79EFBC}") = "SSNZ.DevOps.Web", "SSNZ.DevOps.Web\SSNZ.DevOps.Web.csproj", "{AEA9F50E-96C0-4AAC-8E22-158389ECBDF1}"
EndProject
Project("{FAE04EC0-301F-11D3-BF4B-00C04F79EFBC}") = "SSNZ.Lego.DataAccess", "SSNZ.Lego.DataAccess\SSNZ.Lego.DataAccess.csproj", "{4DE5EC8E-01B2-4425-AFC3-CD86BD91EBCC}"
EndProject
Project("{FAE04EC0-301F-11D3-BF4B-00C04F79EFBC}") = "SSNZ.Lego.Tests", "SSNZ.Lego.Tests\SSNZ.Lego.Tests.csproj", "{72C7F9D3-8FB9-403F-B70D-BD9972956878}"
EndProject
Project("{FAE04EC0-301F-11D3-BF4B-00C04F79EFBC}") = "SSNZ.Lego.Models", "SSNZ.Lego.Models\SSNZ.Lego.Models.csproj", "{26E5D287-3750-4722-AF6C-FD34ADEB6B23}"
EndProject
Project("{2150E333-8FDC-42A3-9474-1A3956D46DE8}") = "Apps", "Apps", "{6E5E679C-CE11-4B0C-8E3A-38136F56D0EC}"
EndProject
Project("{FAE04EC0-301F-11D3-BF4B-00C04F79EFBC}") = "SSNZ.Lego.Service", "SSNZ.Lego.Service\SSNZ.Lego.Service.csproj", "{AA6D1B3F-4AB1-49E7-A651-1AE1CA7DCE5E}"
EndProject
Global
	GlobalSection(SolutionConfigurationPlatforms) = preSolution
		Debug|Any CPU = Debug|Any CPU
		Release|Any CPU = Release|Any CPU
	EndGlobalSection
	GlobalSection(ProjectConfigurationPlatforms) = postSolution
		{BDD3ED36-7FEE-4EB4-8B35-12BE7D574D9F}.Debug|Any CPU.ActiveCfg = Debug|Any CPU
		{BDD3ED36-7FEE-4EB4-8B35-12BE7D574D9F}.Debug|Any CPU.Build.0 = Debug|Any CPU
		{BDD3ED36-7FEE-4EB4-8B35-12BE7D574D9F}.Release|Any CPU.ActiveCfg = Release|Any CPU
		{BDD3ED36-7FEE-4EB4-8B35-12BE7D574D9F}.Release|Any CPU.Build.0 = Release|Any CPU
		{E13CDA64-4E3C-4F98-BAB9-56ED2FEBF23F}.Debug|Any CPU.ActiveCfg = Debug|Any CPU
		{E13CDA64-4E3C-4F98-BAB9-56ED2FEBF23F}.Debug|Any CPU.Build.0 = Debug|Any CPU
		{E13CDA64-4E3C-4F98-BAB9-56ED2FEBF23F}.Release|Any CPU.ActiveCfg = Release|Any CPU
		{E13CDA64-4E3C-4F98-BAB9-56ED2FEBF23F}.Release|Any CPU.Build.0 = Release|Any CPU
		{59763748-1455-4337-AB0F-B1DBC0A41E18}.Debug|Any CPU.ActiveCfg = Debug|Any CPU
		{59763748-1455-4337-AB0F-B1DBC0A41E18}.Debug|Any CPU.Build.0 = Debug|Any CPU
		{59763748-1455-4337-AB0F-B1DBC0A41E18}.Release|Any CPU.ActiveCfg = Release|Any CPU
		{59763748-1455-4337-AB0F-B1DBC0A41E18}.Release|Any CPU.Build.0 = Release|Any CPU
		{66370E4C-74EB-4922-BAB4-DCD175C0BE71}.Debug|Any CPU.ActiveCfg = Debug|Any CPU
		{66370E4C-74EB-4922-BAB4-DCD175C0BE71}.Debug|Any CPU.Build.0 = Debug|Any CPU
		{66370E4C-74EB-4922-BAB4-DCD175C0BE71}.Release|Any CPU.ActiveCfg = Release|Any CPU
		{66370E4C-74EB-4922-BAB4-DCD175C0BE71}.Release|Any CPU.Build.0 = Release|Any CPU
		{AEA9F50E-96C0-4AAC-8E22-158389ECBDF1}.Debug|Any CPU.ActiveCfg = Debug|Any CPU
		{AEA9F50E-96C0-4AAC-8E22-158389ECBDF1}.Debug|Any CPU.Build.0 = Debug|Any CPU
		{AEA9F50E-96C0-4AAC-8E22-158389ECBDF1}.Release|Any CPU.ActiveCfg = Release|Any CPU
		{AEA9F50E-96C0-4AAC-8E22-158389ECBDF1}.Release|Any CPU.Build.0 = Release|Any CPU
		{4DE5EC8E-01B2-4425-AFC3-CD86BD91EBCC}.Debug|Any CPU.ActiveCfg = Debug|Any CPU
		{4DE5EC8E-01B2-4425-AFC3-CD86BD91EBCC}.Debug|Any CPU.Build.0 = Debug|Any CPU
		{4DE5EC8E-01B2-4425-AFC3-CD86BD91EBCC}.Release|Any CPU.ActiveCfg = Release|Any CPU
		{4DE5EC8E-01B2-4425-AFC3-CD86BD91EBCC}.Release|Any CPU.Build.0 = Release|Any CPU
		{72C7F9D3-8FB9-403F-B70D-BD9972956878}.Debug|Any CPU.ActiveCfg = Debug|Any CPU
		{72C7F9D3-8FB9-403F-B70D-BD9972956878}.Debug|Any CPU.Build.0 = Debug|Any CPU
		{72C7F9D3-8FB9-403F-B70D-BD9972956878}.Release|Any CPU.ActiveCfg = Release|Any CPU
		{72C7F9D3-8FB9-403F-B70D-BD9972956878}.Release|Any CPU.Build.0 = Release|Any CPU
		{26E5D287-3750-4722-AF6C-FD34ADEB6B23}.Debug|Any CPU.ActiveCfg = Debug|Any CPU
		{26E5D287-3750-4722-AF6C-FD34ADEB6B23}.Debug|Any CPU.Build.0 = Debug|Any CPU
		{26E5D287-3750-4722-AF6C-FD34ADEB6B23}.Release|Any CPU.ActiveCfg = Release|Any CPU
		{26E5D287-3750-4722-AF6C-FD34ADEB6B23}.Release|Any CPU.Build.0 = Release|Any CPU
		{AA6D1B3F-4AB1-49E7-A651-1AE1CA7DCE5E}.Debug|Any CPU.ActiveCfg = Debug|Any CPU
		{AA6D1B3F-4AB1-49E7-A651-1AE1CA7DCE5E}.Debug|Any CPU.Build.0 = Debug|Any CPU
		{AA6D1B3F-4AB1-49E7-A651-1AE1CA7DCE5E}.Release|Any CPU.ActiveCfg = Release|Any CPU
		{AA6D1B3F-4AB1-49E7-A651-1AE1CA7DCE5E}.Release|Any CPU.Build.0 = Release|Any CPU
	EndGlobalSection
	GlobalSection(SolutionProperties) = preSolution
		HideSolutionNode = FALSE
	EndGlobalSection
	GlobalSection(NestedProjects) = preSolution
		{BDD3ED36-7FEE-4EB4-8B35-12BE7D574D9F} = {EEEB1ECD-AFD0-4255-8561-2102C4800F1E}
		{E13CDA64-4E3C-4F98-BAB9-56ED2FEBF23F} = {EEEB1ECD-AFD0-4255-8561-2102C4800F1E}
		{59763748-1455-4337-AB0F-B1DBC0A41E18} = {EEEB1ECD-AFD0-4255-8561-2102C4800F1E}
		{66370E4C-74EB-4922-BAB4-DCD175C0BE71} = {6E5E679C-CE11-4B0C-8E3A-38136F56D0EC}
		{AEA9F50E-96C0-4AAC-8E22-158389ECBDF1} = {FA2E4CCD-8F28-459D-8E12-45482A05E8D8}
		{4DE5EC8E-01B2-4425-AFC3-CD86BD91EBCC} = {BB00A5BE-CFB1-4D74-BEE8-A9D314716806}
		{72C7F9D3-8FB9-403F-B70D-BD9972956878} = {BB00A5BE-CFB1-4D74-BEE8-A9D314716806}
		{26E5D287-3750-4722-AF6C-FD34ADEB6B23} = {BB00A5BE-CFB1-4D74-BEE8-A9D314716806}
		{6E5E679C-CE11-4B0C-8E3A-38136F56D0EC} = {BB00A5BE-CFB1-4D74-BEE8-A9D314716806}
		{AA6D1B3F-4AB1-49E7-A651-1AE1CA7DCE5E} = {BB00A5BE-CFB1-4D74-BEE8-A9D314716806}
	EndGlobalSection
	GlobalSection(ExtensibilityGlobals) = postSolution
		SolutionGuid = {C1988F80-5C2D-47A0-86F4-D02BF6EC8338}
	EndGlobalSection
EndGlobal
