
Microsoft Visual Studio Solution File, Format Version 12.00
# Visual Studio 15
VisualStudioVersion = 15.0.26403.7
MinimumVisualStudioVersion = 10.0.40219.1
Project("{9A19103F-16F7-4668-BE54-9A1E7A4F7556}") = "SSNZ.Steam.CoreModels", "..\SSNZ.Steam.CoreModels\SSNZ.Steam.CoreModels.csproj", "{F07058FC-64B8-49E3-91BF-25AF43D80811}"
EndProject
Project("{9A19103F-16F7-4668-BE54-9A1E7A4F7556}") = "SSNZ.Steam.CoreData", "..\SSNZ.Steam.CoreData\SSNZ.Steam.CoreData.csproj", "{9041438C-427D-45BD-BACE-6452AA7EAC59}"
EndProject
Project("{9A19103F-16F7-4668-BE54-9A1E7A4F7556}") = "SSNZ.Steam.CoreService", "..\SSNZ.Steam.CoreService\SSNZ.Steam.CoreService.csproj", "{67F22A08-6B71-44D3-9396-7AB64F4176E3}"
EndProject
Project("{9A19103F-16F7-4668-BE54-9A1E7A4F7556}") = "SSNZ.Steam.CoreUnitTests", "..\SSNZ.Steam.CoreUnitTests\SSNZ.Steam.CoreUnitTests.csproj", "{20338635-FD14-47DE-A6E2-F0DE16C37092}"
EndProject
Global
	GlobalSection(SolutionConfigurationPlatforms) = preSolution
		Debug|Any CPU = Debug|Any CPU
		Release|Any CPU = Release|Any CPU
	EndGlobalSection
	GlobalSection(ProjectConfigurationPlatforms) = postSolution
		{F07058FC-64B8-49E3-91BF-25AF43D80811}.Debug|Any CPU.ActiveCfg = Debug|Any CPU
		{F07058FC-64B8-49E3-91BF-25AF43D80811}.Debug|Any CPU.Build.0 = Debug|Any CPU
		{F07058FC-64B8-49E3-91BF-25AF43D80811}.Release|Any CPU.ActiveCfg = Release|Any CPU
		{F07058FC-64B8-49E3-91BF-25AF43D80811}.Release|Any CPU.Build.0 = Release|Any CPU
		{9041438C-427D-45BD-BACE-6452AA7EAC59}.Debug|Any CPU.ActiveCfg = Debug|Any CPU
		{9041438C-427D-45BD-BACE-6452AA7EAC59}.Debug|Any CPU.Build.0 = Debug|Any CPU
		{9041438C-427D-45BD-BACE-6452AA7EAC59}.Release|Any CPU.ActiveCfg = Release|Any CPU
		{9041438C-427D-45BD-BACE-6452AA7EAC59}.Release|Any CPU.Build.0 = Release|Any CPU
		{67F22A08-6B71-44D3-9396-7AB64F4176E3}.Debug|Any CPU.ActiveCfg = Debug|Any CPU
		{67F22A08-6B71-44D3-9396-7AB64F4176E3}.Debug|Any CPU.Build.0 = Debug|Any CPU
		{67F22A08-6B71-44D3-9396-7AB64F4176E3}.Release|Any CPU.ActiveCfg = Release|Any CPU
		{67F22A08-6B71-44D3-9396-7AB64F4176E3}.Release|Any CPU.Build.0 = Release|Any CPU
		{20338635-FD14-47DE-A6E2-F0DE16C37092}.Debug|Any CPU.ActiveCfg = Debug|Any CPU
		{20338635-FD14-47DE-A6E2-F0DE16C37092}.Debug|Any CPU.Build.0 = Debug|Any CPU
		{20338635-FD14-47DE-A6E2-F0DE16C37092}.Release|Any CPU.ActiveCfg = Release|Any CPU
		{20338635-FD14-47DE-A6E2-F0DE16C37092}.Release|Any CPU.Build.0 = Release|Any CPU
	EndGlobalSection
	GlobalSection(SolutionProperties) = preSolution
		HideSolutionNode = FALSE
	EndGlobalSection
EndGlobal
