
Microsoft Visual Studio Solution File, Format Version 12.00
# Visual Studio Version 17
VisualStudioVersion = 17.0.31423.177
MinimumVisualStudioVersion = 10.0.40219.1
Project("{9A19103F-16F7-4668-BE54-9A1E7A4F7556}") = "SamSmithNZ.Web", "SamSmithNZ.Web\SamSmithNZ.Web.csproj", "{D532011B-E666-4378-BE7C-4C5ED95536C3}"
EndProject
Project("{9A19103F-16F7-4668-BE54-9A1E7A4F7556}") = "SamSmithNZ.Service", "SamSmithNZ.Service\SamSmithNZ.Service.csproj", "{2CAD56C4-A34F-4032-BA16-0B34BA0803D7}"
EndProject
Project("{9A19103F-16F7-4668-BE54-9A1E7A4F7556}") = "SamSmithNZ.Tests", "SamSmithNZ.Tests\SamSmithNZ.Tests.csproj", "{1D88CBCE-D8D5-42B7-AB3A-C3E36067954C}"
EndProject
Project("{9A19103F-16F7-4668-BE54-9A1E7A4F7556}") = "SamSmithNZ.WorldCupGoals.WPF", "SamSmithNZ.WorldCupGoals.WPF\SamSmithNZ.WorldCupGoals.WPF.csproj", "{1155A141-3DF8-4D40-A12B-F28A781C1762}"
EndProject
Project("{2150E333-8FDC-42A3-9474-1A3956D46DE8}") = "Solution Items", "Solution Items", "{A3A53F95-9C8E-4DA0-82F5-8508921F8B96}"
	ProjectSection(SolutionItems) = preProject
		.editorconfig = .editorconfig
		..\.github\workflows\codeql-analysis.yml = ..\.github\workflows\codeql-analysis.yml
		..\.github\dependabot.yml = ..\.github\dependabot.yml
		..\.github\workflows\dotnet.yml = ..\.github\workflows\dotnet.yml
		..\GitVersion.yml = ..\GitVersion.yml
		..\README.md = ..\README.md
	EndProjectSection
EndProject
Project("{00D1A9C2-B5F0-4AF3-8072-F6C62B433612}") = "SamSmithNZ.Database", "SamSmithNZ.Database\SamSmithNZ.Database.sqlproj", "{9D1104AA-CF15-457B-BF19-41CE5445F3BE}"
EndProject
Project("{9A19103F-16F7-4668-BE54-9A1E7A4F7556}") = "SamSmithNZ.FunctionalTests", "SamSmithNZ.FunctionalTests\SamSmithNZ.FunctionalTests.csproj", "{2EDCE773-4E2F-49B7-BDC3-9BD0C2074F70}"
EndProject
Project("{2150E333-8FDC-42A3-9474-1A3956D46DE8}") = "Testing", "Testing", "{4D139C7C-B27B-4913-8E69-6CBE51CCC09E}"
EndProject
Project("{2150E333-8FDC-42A3-9474-1A3956D46DE8}") = "UtilityApps", "UtilityApps", "{A58047F7-CD2E-4F21-B9C7-E5AC3C55EC96}"
EndProject
Project("{9A19103F-16F7-4668-BE54-9A1E7A4F7556}") = "SamSmithNZ.FFLSetlistScraper.WinForms", "SamSmithNZ.FFLSetlistScraper.WinForms\SamSmithNZ.FFLSetlistScraper.WinForms.csproj", "{569CBCC3-301D-4558-A003-4E6CF9414B1B}"
EndProject
Project("{151D2E53-A2C4-4D7D-83FE-D05416EBD58E}") = "SamSmithNZ.IaC", "SamSmithNZ.IaC\SamSmithNZ.IaC.deployproj", "{54FF8914-567D-4F04-A30E-869823A55B3B}"
EndProject
Project("{9A19103F-16F7-4668-BE54-9A1E7A4F7556}") = "SamSmithNZ.ExportGuitarTab.Console", "SamSmithNZ.ExportGuitarTab.Console\SamSmithNZ.ExportGuitarTab.Console.csproj", "{ACC46946-6BAE-4306-8F7E-557B9D93BDFA}"
EndProject
Global
	GlobalSection(SolutionConfigurationPlatforms) = preSolution
		Debug|Any CPU = Debug|Any CPU
		Release|Any CPU = Release|Any CPU
	EndGlobalSection
	GlobalSection(ProjectConfigurationPlatforms) = postSolution
		{D532011B-E666-4378-BE7C-4C5ED95536C3}.Debug|Any CPU.ActiveCfg = Debug|Any CPU
		{D532011B-E666-4378-BE7C-4C5ED95536C3}.Debug|Any CPU.Build.0 = Debug|Any CPU
		{D532011B-E666-4378-BE7C-4C5ED95536C3}.Release|Any CPU.ActiveCfg = Release|Any CPU
		{D532011B-E666-4378-BE7C-4C5ED95536C3}.Release|Any CPU.Build.0 = Release|Any CPU
		{2CAD56C4-A34F-4032-BA16-0B34BA0803D7}.Debug|Any CPU.ActiveCfg = Debug|Any CPU
		{2CAD56C4-A34F-4032-BA16-0B34BA0803D7}.Debug|Any CPU.Build.0 = Debug|Any CPU
		{2CAD56C4-A34F-4032-BA16-0B34BA0803D7}.Release|Any CPU.ActiveCfg = Release|Any CPU
		{2CAD56C4-A34F-4032-BA16-0B34BA0803D7}.Release|Any CPU.Build.0 = Release|Any CPU
		{1D88CBCE-D8D5-42B7-AB3A-C3E36067954C}.Debug|Any CPU.ActiveCfg = Debug|Any CPU
		{1D88CBCE-D8D5-42B7-AB3A-C3E36067954C}.Debug|Any CPU.Build.0 = Debug|Any CPU
		{1D88CBCE-D8D5-42B7-AB3A-C3E36067954C}.Release|Any CPU.ActiveCfg = Release|Any CPU
		{1D88CBCE-D8D5-42B7-AB3A-C3E36067954C}.Release|Any CPU.Build.0 = Release|Any CPU
		{1155A141-3DF8-4D40-A12B-F28A781C1762}.Debug|Any CPU.ActiveCfg = Debug|Any CPU
		{1155A141-3DF8-4D40-A12B-F28A781C1762}.Debug|Any CPU.Build.0 = Debug|Any CPU
		{1155A141-3DF8-4D40-A12B-F28A781C1762}.Release|Any CPU.ActiveCfg = Release|Any CPU
		{1155A141-3DF8-4D40-A12B-F28A781C1762}.Release|Any CPU.Build.0 = Release|Any CPU
		{9D1104AA-CF15-457B-BF19-41CE5445F3BE}.Debug|Any CPU.ActiveCfg = Debug|Any CPU
		{9D1104AA-CF15-457B-BF19-41CE5445F3BE}.Debug|Any CPU.Build.0 = Debug|Any CPU
		{9D1104AA-CF15-457B-BF19-41CE5445F3BE}.Debug|Any CPU.Deploy.0 = Debug|Any CPU
		{9D1104AA-CF15-457B-BF19-41CE5445F3BE}.Release|Any CPU.ActiveCfg = Release|Any CPU
		{9D1104AA-CF15-457B-BF19-41CE5445F3BE}.Release|Any CPU.Build.0 = Release|Any CPU
		{9D1104AA-CF15-457B-BF19-41CE5445F3BE}.Release|Any CPU.Deploy.0 = Release|Any CPU
		{2EDCE773-4E2F-49B7-BDC3-9BD0C2074F70}.Debug|Any CPU.ActiveCfg = Debug|Any CPU
		{2EDCE773-4E2F-49B7-BDC3-9BD0C2074F70}.Debug|Any CPU.Build.0 = Debug|Any CPU
		{2EDCE773-4E2F-49B7-BDC3-9BD0C2074F70}.Release|Any CPU.ActiveCfg = Release|Any CPU
		{2EDCE773-4E2F-49B7-BDC3-9BD0C2074F70}.Release|Any CPU.Build.0 = Release|Any CPU
		{569CBCC3-301D-4558-A003-4E6CF9414B1B}.Debug|Any CPU.ActiveCfg = Debug|Any CPU
		{569CBCC3-301D-4558-A003-4E6CF9414B1B}.Debug|Any CPU.Build.0 = Debug|Any CPU
		{569CBCC3-301D-4558-A003-4E6CF9414B1B}.Release|Any CPU.ActiveCfg = Release|Any CPU
		{569CBCC3-301D-4558-A003-4E6CF9414B1B}.Release|Any CPU.Build.0 = Release|Any CPU
		{54FF8914-567D-4F04-A30E-869823A55B3B}.Debug|Any CPU.ActiveCfg = Debug|Any CPU
		{54FF8914-567D-4F04-A30E-869823A55B3B}.Debug|Any CPU.Build.0 = Debug|Any CPU
		{54FF8914-567D-4F04-A30E-869823A55B3B}.Release|Any CPU.ActiveCfg = Release|Any CPU
		{54FF8914-567D-4F04-A30E-869823A55B3B}.Release|Any CPU.Build.0 = Release|Any CPU
		{ACC46946-6BAE-4306-8F7E-557B9D93BDFA}.Debug|Any CPU.ActiveCfg = Debug|Any CPU
		{ACC46946-6BAE-4306-8F7E-557B9D93BDFA}.Debug|Any CPU.Build.0 = Debug|Any CPU
		{ACC46946-6BAE-4306-8F7E-557B9D93BDFA}.Release|Any CPU.ActiveCfg = Release|Any CPU
		{ACC46946-6BAE-4306-8F7E-557B9D93BDFA}.Release|Any CPU.Build.0 = Release|Any CPU
	EndGlobalSection
	GlobalSection(SolutionProperties) = preSolution
		HideSolutionNode = FALSE
	EndGlobalSection
	GlobalSection(NestedProjects) = preSolution
		{1D88CBCE-D8D5-42B7-AB3A-C3E36067954C} = {4D139C7C-B27B-4913-8E69-6CBE51CCC09E}
		{1155A141-3DF8-4D40-A12B-F28A781C1762} = {A58047F7-CD2E-4F21-B9C7-E5AC3C55EC96}
		{2EDCE773-4E2F-49B7-BDC3-9BD0C2074F70} = {4D139C7C-B27B-4913-8E69-6CBE51CCC09E}
		{569CBCC3-301D-4558-A003-4E6CF9414B1B} = {A58047F7-CD2E-4F21-B9C7-E5AC3C55EC96}
		{ACC46946-6BAE-4306-8F7E-557B9D93BDFA} = {A58047F7-CD2E-4F21-B9C7-E5AC3C55EC96}
	EndGlobalSection
	GlobalSection(ExtensibilityGlobals) = postSolution
		SolutionGuid = {4EEAC4BE-79C5-466F-A449-1A01011EBC93}
	EndGlobalSection
EndGlobal
