
Microsoft Visual Studio Solution File, Format Version 12.00
# Visual Studio 15
VisualStudioVersion = 15.0.26403.7
MinimumVisualStudioVersion = 10.0.40219.1
Project("{FAE04EC0-301F-11D3-BF4B-00C04F79EFBC}") = "SamSmithNZ2017.Web", "SamSmithNZ2017.Web\SamSmithNZ2017.Web.csproj", "{E8201CA0-A946-49CC-8EEE-EB42FF97712E}"
EndProject
Project("{FAE04EC0-301F-11D3-BF4B-00C04F79EFBC}") = "SSNZ.Steam.Data", "SSNZ.Steam.Data\SSNZ.Steam.Data.csproj", "{0142D2E2-1318-4368-BA05-9671EA4FECF3}"
EndProject
Project("{FAE04EC0-301F-11D3-BF4B-00C04F79EFBC}") = "SSNZ.Steam.Models", "SSNZ.Steam.Models\SSNZ.Steam.Models.csproj", "{E4B4D7A4-3E97-40BC-9512-0805BEB262E6}"
EndProject
Project("{FAE04EC0-301F-11D3-BF4B-00C04F79EFBC}") = "SSNZ.Steam.UnitTests", "SSNZ.Steam.UnitTests\SSNZ.Steam.UnitTests.csproj", "{9137DE7F-8D49-42D6-B731-A6E03485CF3C}"
EndProject
Project("{FAE04EC0-301F-11D3-BF4B-00C04F79EFBC}") = "SSNZ.Steam.Service", "SSNZ.Steam.Service\SSNZ.Steam.Service.csproj", "{EDAF4F51-48AE-47FD-9361-3B14074F0AD4}"
EndProject
Project("{FAE04EC0-301F-11D3-BF4B-00C04F79EFBC}") = "SSNZ.GuitarTab.Models", "SSNZ.GuitarTab.Models\SSNZ.GuitarTab.Models.csproj", "{0D699DD1-7565-42B4-85C9-29B1FEB20839}"
EndProject
Project("{FAE04EC0-301F-11D3-BF4B-00C04F79EFBC}") = "SSNZ.GuitarTab.Data", "SSNZ.GuitarTab.Data\SSNZ.GuitarTab.Data.csproj", "{8BB1ECBF-1B7A-4D22-A3B8-5C00D5C3C97D}"
EndProject
Project("{FAE04EC0-301F-11D3-BF4B-00C04F79EFBC}") = "SSNZ.GuitarTab.Service", "SSNZ.GuitarTab.Service\SSNZ.GuitarTab.Service.csproj", "{7FFB9CAA-3974-457D-A9D4-50BC387F1D10}"
EndProject
Project("{FAE04EC0-301F-11D3-BF4B-00C04F79EFBC}") = "SSNZ.GuitarTab.UnitTests", "SSNZ.GuitarTab.UnitTests\SSNZ.GuitarTab.UnitTests.csproj", "{7B89F013-80F2-454B-A5FC-081C0901E6AB}"
EndProject
Project("{00D1A9C2-B5F0-4AF3-8072-F6C62B433612}") = "SamSmithNZ2017.DB", "SamSmithNZ2017.DB\SamSmithNZ2017.DB.sqlproj", "{9D1104AA-CF15-457B-BF19-41CE5445F3BE}"
EndProject
Project("{FAE04EC0-301F-11D3-BF4B-00C04F79EFBC}") = "SSNZ.Steam.CoreData", "SSNZ.Steam.CoreData\SSNZ.Steam.CoreData.csproj", "{256AC81E-543D-41E3-AD03-5BC95F1AF15A}"
EndProject
Project("{FAE04EC0-301F-11D3-BF4B-00C04F79EFBC}") = "SSNZ.Steam.CoreUnitTests", "SSNZ.Steam.CoreUnitTests\SSNZ.Steam.CoreUnitTests.csproj", "{2D9267AF-478A-443D-BFA6-D5BD63AE7411}"
EndProject
Project("{FAE04EC0-301F-11D3-BF4B-00C04F79EFBC}") = "SSNZ.Steam.CoreService", "SSNZ.Steam.CoreService\SSNZ.Steam.CoreService.csproj", "{19C0CA03-D77F-42BB-86A3-8D4D774774CB}"
EndProject
Project("{FAE04EC0-301F-11D3-BF4B-00C04F79EFBC}") = "SSNZ.Steam.CoreModels", "SSNZ.Steam.CoreModels\SSNZ.Steam.CoreModels.csproj", "{3B84E0A7-8309-45AC-BDE0-E7CAE9C09399}"
EndProject
Global
	GlobalSection(SolutionConfigurationPlatforms) = preSolution
		Debug|Any CPU = Debug|Any CPU
		Release|Any CPU = Release|Any CPU
	EndGlobalSection
	GlobalSection(ProjectConfigurationPlatforms) = postSolution
		{E8201CA0-A946-49CC-8EEE-EB42FF97712E}.Debug|Any CPU.ActiveCfg = Debug|Any CPU
		{E8201CA0-A946-49CC-8EEE-EB42FF97712E}.Debug|Any CPU.Build.0 = Debug|Any CPU
		{E8201CA0-A946-49CC-8EEE-EB42FF97712E}.Release|Any CPU.ActiveCfg = Release|Any CPU
		{E8201CA0-A946-49CC-8EEE-EB42FF97712E}.Release|Any CPU.Build.0 = Release|Any CPU
		{0142D2E2-1318-4368-BA05-9671EA4FECF3}.Debug|Any CPU.ActiveCfg = Debug|Any CPU
		{0142D2E2-1318-4368-BA05-9671EA4FECF3}.Debug|Any CPU.Build.0 = Debug|Any CPU
		{0142D2E2-1318-4368-BA05-9671EA4FECF3}.Release|Any CPU.ActiveCfg = Release|Any CPU
		{0142D2E2-1318-4368-BA05-9671EA4FECF3}.Release|Any CPU.Build.0 = Release|Any CPU
		{E4B4D7A4-3E97-40BC-9512-0805BEB262E6}.Debug|Any CPU.ActiveCfg = Debug|Any CPU
		{E4B4D7A4-3E97-40BC-9512-0805BEB262E6}.Debug|Any CPU.Build.0 = Debug|Any CPU
		{E4B4D7A4-3E97-40BC-9512-0805BEB262E6}.Release|Any CPU.ActiveCfg = Release|Any CPU
		{E4B4D7A4-3E97-40BC-9512-0805BEB262E6}.Release|Any CPU.Build.0 = Release|Any CPU
		{9137DE7F-8D49-42D6-B731-A6E03485CF3C}.Debug|Any CPU.ActiveCfg = Debug|Any CPU
		{9137DE7F-8D49-42D6-B731-A6E03485CF3C}.Debug|Any CPU.Build.0 = Debug|Any CPU
		{9137DE7F-8D49-42D6-B731-A6E03485CF3C}.Release|Any CPU.ActiveCfg = Release|Any CPU
		{9137DE7F-8D49-42D6-B731-A6E03485CF3C}.Release|Any CPU.Build.0 = Release|Any CPU
		{EDAF4F51-48AE-47FD-9361-3B14074F0AD4}.Debug|Any CPU.ActiveCfg = Debug|Any CPU
		{EDAF4F51-48AE-47FD-9361-3B14074F0AD4}.Debug|Any CPU.Build.0 = Debug|Any CPU
		{EDAF4F51-48AE-47FD-9361-3B14074F0AD4}.Release|Any CPU.ActiveCfg = Release|Any CPU
		{EDAF4F51-48AE-47FD-9361-3B14074F0AD4}.Release|Any CPU.Build.0 = Release|Any CPU
		{0D699DD1-7565-42B4-85C9-29B1FEB20839}.Debug|Any CPU.ActiveCfg = Debug|Any CPU
		{0D699DD1-7565-42B4-85C9-29B1FEB20839}.Debug|Any CPU.Build.0 = Debug|Any CPU
		{0D699DD1-7565-42B4-85C9-29B1FEB20839}.Release|Any CPU.ActiveCfg = Release|Any CPU
		{0D699DD1-7565-42B4-85C9-29B1FEB20839}.Release|Any CPU.Build.0 = Release|Any CPU
		{8BB1ECBF-1B7A-4D22-A3B8-5C00D5C3C97D}.Debug|Any CPU.ActiveCfg = Debug|Any CPU
		{8BB1ECBF-1B7A-4D22-A3B8-5C00D5C3C97D}.Debug|Any CPU.Build.0 = Debug|Any CPU
		{8BB1ECBF-1B7A-4D22-A3B8-5C00D5C3C97D}.Release|Any CPU.ActiveCfg = Release|Any CPU
		{8BB1ECBF-1B7A-4D22-A3B8-5C00D5C3C97D}.Release|Any CPU.Build.0 = Release|Any CPU
		{7FFB9CAA-3974-457D-A9D4-50BC387F1D10}.Debug|Any CPU.ActiveCfg = Debug|Any CPU
		{7FFB9CAA-3974-457D-A9D4-50BC387F1D10}.Debug|Any CPU.Build.0 = Debug|Any CPU
		{7FFB9CAA-3974-457D-A9D4-50BC387F1D10}.Release|Any CPU.ActiveCfg = Release|Any CPU
		{7FFB9CAA-3974-457D-A9D4-50BC387F1D10}.Release|Any CPU.Build.0 = Release|Any CPU
		{7B89F013-80F2-454B-A5FC-081C0901E6AB}.Debug|Any CPU.ActiveCfg = Debug|Any CPU
		{7B89F013-80F2-454B-A5FC-081C0901E6AB}.Debug|Any CPU.Build.0 = Debug|Any CPU
		{7B89F013-80F2-454B-A5FC-081C0901E6AB}.Release|Any CPU.ActiveCfg = Release|Any CPU
		{7B89F013-80F2-454B-A5FC-081C0901E6AB}.Release|Any CPU.Build.0 = Release|Any CPU
		{9D1104AA-CF15-457B-BF19-41CE5445F3BE}.Debug|Any CPU.ActiveCfg = Debug|Any CPU
		{9D1104AA-CF15-457B-BF19-41CE5445F3BE}.Debug|Any CPU.Build.0 = Debug|Any CPU
		{9D1104AA-CF15-457B-BF19-41CE5445F3BE}.Debug|Any CPU.Deploy.0 = Debug|Any CPU
		{9D1104AA-CF15-457B-BF19-41CE5445F3BE}.Release|Any CPU.ActiveCfg = Release|Any CPU
		{9D1104AA-CF15-457B-BF19-41CE5445F3BE}.Release|Any CPU.Build.0 = Release|Any CPU
		{9D1104AA-CF15-457B-BF19-41CE5445F3BE}.Release|Any CPU.Deploy.0 = Release|Any CPU
		{256AC81E-543D-41E3-AD03-5BC95F1AF15A}.Debug|Any CPU.ActiveCfg = Debug|Any CPU
		{256AC81E-543D-41E3-AD03-5BC95F1AF15A}.Debug|Any CPU.Build.0 = Debug|Any CPU
		{256AC81E-543D-41E3-AD03-5BC95F1AF15A}.Release|Any CPU.ActiveCfg = Release|Any CPU
		{256AC81E-543D-41E3-AD03-5BC95F1AF15A}.Release|Any CPU.Build.0 = Release|Any CPU
		{2D9267AF-478A-443D-BFA6-D5BD63AE7411}.Debug|Any CPU.ActiveCfg = Debug|Any CPU
		{2D9267AF-478A-443D-BFA6-D5BD63AE7411}.Debug|Any CPU.Build.0 = Debug|Any CPU
		{2D9267AF-478A-443D-BFA6-D5BD63AE7411}.Release|Any CPU.ActiveCfg = Release|Any CPU
		{2D9267AF-478A-443D-BFA6-D5BD63AE7411}.Release|Any CPU.Build.0 = Release|Any CPU
		{19C0CA03-D77F-42BB-86A3-8D4D774774CB}.Debug|Any CPU.ActiveCfg = Debug|Any CPU
		{19C0CA03-D77F-42BB-86A3-8D4D774774CB}.Debug|Any CPU.Build.0 = Debug|Any CPU
		{19C0CA03-D77F-42BB-86A3-8D4D774774CB}.Release|Any CPU.ActiveCfg = Release|Any CPU
		{19C0CA03-D77F-42BB-86A3-8D4D774774CB}.Release|Any CPU.Build.0 = Release|Any CPU
		{3B84E0A7-8309-45AC-BDE0-E7CAE9C09399}.Debug|Any CPU.ActiveCfg = Debug|Any CPU
		{3B84E0A7-8309-45AC-BDE0-E7CAE9C09399}.Debug|Any CPU.Build.0 = Debug|Any CPU
		{3B84E0A7-8309-45AC-BDE0-E7CAE9C09399}.Release|Any CPU.ActiveCfg = Release|Any CPU
		{3B84E0A7-8309-45AC-BDE0-E7CAE9C09399}.Release|Any CPU.Build.0 = Release|Any CPU
	EndGlobalSection
	GlobalSection(SolutionProperties) = preSolution
		HideSolutionNode = FALSE
	EndGlobalSection
EndGlobal
