
Microsoft Visual Studio Solution File, Format Version 12.00
# Visual Studio 15
VisualStudioVersion = 15.0.26430.4
MinimumVisualStudioVersion = 10.0.40219.1
Project("{FAE04EC0-301F-11D3-BF4B-00C04F79EFBC}") = "SamSmithNZ2017.Web", "SamSmithNZ2017.Web\SamSmithNZ2017.Web.csproj", "{E8201CA0-A946-49CC-8EEE-EB42FF97712E}"
EndProject
Project("{FAE04EC0-301F-11D3-BF4B-00C04F79EFBC}") = "SSNZ.Steam.Data", "SSNZ.Steam.Data\SSNZ.Steam.Data.csproj", "{0142D2E2-1318-4368-BA05-9671EA4FECF3}"
EndProject
Project("{FAE04EC0-301F-11D3-BF4B-00C04F79EFBC}") = "SSNZ.Steam.Models", "SSNZ.Steam.Models\SSNZ.Steam.Models.csproj", "{E4B4D7A4-3E97-40BC-9512-0805BEB262E6}"
EndProject
Project("{FAE04EC0-301F-11D3-BF4B-00C04F79EFBC}") = "SSNZ.Steam.UnitTests", "SSNZ.Steam.UnitTests\SSNZ.Steam.UnitTests.csproj", "{9137DE7F-8D49-42D6-B731-A6E03485CF3C}"
EndProject
Project("{FAE04EC0-301F-11D3-BF4B-00C04F79EFBC}") = "SSNZ.Steam.Service", "SSNZ.Steam.Service\SSNZ.Steam.Service.csproj", "{EDAF4F51-48AE-47FD-9361-3B14074F0AD4}"
EndProject
Project("{FAE04EC0-301F-11D3-BF4B-00C04F79EFBC}") = "SSNZ.GuitarTab.Models", "SSNZ.GuitarTab.Models\SSNZ.GuitarTab.Models.csproj", "{0D699DD1-7565-42B4-85C9-29B1FEB20839}"
EndProject
Project("{FAE04EC0-301F-11D3-BF4B-00C04F79EFBC}") = "SSNZ.GuitarTab.Data", "SSNZ.GuitarTab.Data\SSNZ.GuitarTab.Data.csproj", "{8BB1ECBF-1B7A-4D22-A3B8-5C00D5C3C97D}"
EndProject
Project("{FAE04EC0-301F-11D3-BF4B-00C04F79EFBC}") = "SSNZ.GuitarTab.Service", "SSNZ.GuitarTab.Service\SSNZ.GuitarTab.Service.csproj", "{7FFB9CAA-3974-457D-A9D4-50BC387F1D10}"
EndProject
Project("{FAE04EC0-301F-11D3-BF4B-00C04F79EFBC}") = "SSNZ.GuitarTab.UnitTests", "SSNZ.GuitarTab.UnitTests\SSNZ.GuitarTab.UnitTests.csproj", "{7B89F013-80F2-454B-A5FC-081C0901E6AB}"
EndProject
Project("{00D1A9C2-B5F0-4AF3-8072-F6C62B433612}") = "SamSmithNZ2017.DB", "SamSmithNZ2017.DB\SamSmithNZ2017.DB.sqlproj", "{9D1104AA-CF15-457B-BF19-41CE5445F3BE}"
EndProject
Project("{2150E333-8FDC-42A3-9474-1A3956D46DE8}") = "FooFightersLive", "FooFightersLive", "{C5DAAF09-6122-44EF-B58D-999A62F07DB6}"
EndProject
Project("{2150E333-8FDC-42A3-9474-1A3956D46DE8}") = "GuitarTab", "GuitarTab", "{5C6387D9-FA7C-4441-879F-2C18D056B2FA}"
EndProject
Project("{2150E333-8FDC-42A3-9474-1A3956D46DE8}") = "Steam", "Steam", "{BE25C2FF-A0C3-41CA-8683-FF2559243116}"
EndProject
Project("{FAE04EC0-301F-11D3-BF4B-00C04F79EFBC}") = "SSNZ.FooFighters.Data", "SSNZ.FooFighters.Data\SSNZ.FooFighters.Data.csproj", "{B04A44DA-8E9E-4DFC-8FC0-0CE037F36BD1}"
EndProject
Project("{FAE04EC0-301F-11D3-BF4B-00C04F79EFBC}") = "SSNZ.FooFighters.Service", "SSNZ.FooFighters.Service\SSNZ.FooFighters.Service.csproj", "{5C5E3F0F-C789-478D-BA21-3F1E65402C7C}"
EndProject
Project("{FAE04EC0-301F-11D3-BF4B-00C04F79EFBC}") = "SSNZ.FooFighters.UnitTests", "SSNZ.FooFighters.UnitTests\SSNZ.FooFighters.UnitTests.csproj", "{39C0275C-0DDA-4C85-98CB-1740DE900D96}"
EndProject
Project("{FAE04EC0-301F-11D3-BF4B-00C04F79EFBC}") = "SSNZ.FooFighters.Models", "SSNZ.FooFighters.Models\SSNZ.FooFighters.Models.csproj", "{A60C0D6A-85BD-4E6D-94F7-8E13262052C9}"
EndProject
Project("{2150E333-8FDC-42A3-9474-1A3956D46DE8}") = "IntFootball", "IntFootball", "{84705C0F-D87E-4F56-B885-08A8A39EB5D9}"
EndProject
Project("{2150E333-8FDC-42A3-9474-1A3956D46DE8}") = "ITunes", "ITunes", "{72828614-5471-4DC8-B477-D9076FEC9B34}"
EndProject
Project("{2150E333-8FDC-42A3-9474-1A3956D46DE8}") = "Problems", "Problems", "{28DC76C4-FE2D-44E1-882C-824CB769218E}"
EndProject
Project("{FAE04EC0-301F-11D3-BF4B-00C04F79EFBC}") = "SSNZ.IntFootball.Models", "SSNZ.IntFootball.Models\SSNZ.IntFootball.Models.csproj", "{5941F8B9-FC01-4EA7-B776-BCF03F8BD7B8}"
EndProject
Project("{FAE04EC0-301F-11D3-BF4B-00C04F79EFBC}") = "SSNZ.IntFootball.Data", "SSNZ.IntFootball.Data\SSNZ.IntFootball.Data.csproj", "{F347ED38-8182-48A6-B47D-B9FF31C640FA}"
EndProject
Project("{FAE04EC0-301F-11D3-BF4B-00C04F79EFBC}") = "SSNZ.IntFootball.Service", "SSNZ.IntFootball.Service\SSNZ.IntFootball.Service.csproj", "{F281330F-413E-47CD-A2CE-0564A3E7CEE8}"
EndProject
Project("{FAE04EC0-301F-11D3-BF4B-00C04F79EFBC}") = "SSNZ.IntFootball.UnitTests", "SSNZ.IntFootball.UnitTests\SSNZ.IntFootball.UnitTests.csproj", "{A4A9E4BD-9B21-4B75-AF95-8E8342A9AF43}"
EndProject
Project("{FAE04EC0-301F-11D3-BF4B-00C04F79EFBC}") = "SSNZ.ITunes.UnitTests", "SSNZ.ITunes.UnitTests\SSNZ.ITunes.UnitTests.csproj", "{584E9532-17B9-42C6-BB6F-D8D27B6E8638}"
EndProject
Project("{FAE04EC0-301F-11D3-BF4B-00C04F79EFBC}") = "SSNZ.Problems.UnitTests", "SSNZ.Problems.UnitTests\SSNZ.Problems.UnitTests.csproj", "{D92C017B-FB62-4EA8-AC4C-1F8150FA8633}"
EndProject
Project("{FAE04EC0-301F-11D3-BF4B-00C04F79EFBC}") = "SSNZ.ITunes.Service", "SSNZ.ITunes.Service\SSNZ.ITunes.Service.csproj", "{27EAC127-0675-4C94-BB4F-90A31D2D2C37}"
EndProject
Project("{FAE04EC0-301F-11D3-BF4B-00C04F79EFBC}") = "SSNZ.Problems.Service", "SSNZ.Problems.Service\SSNZ.Problems.Service.csproj", "{2D47B70E-CD25-4A79-840F-2AEA765C0361}"
EndProject
Project("{FAE04EC0-301F-11D3-BF4B-00C04F79EFBC}") = "SSNZ.ITunes.Data", "SSNZ.ITunes.Data\SSNZ.ITunes.Data.csproj", "{A5B84968-B5D6-4B38-ADEE-1D8564FF7F49}"
EndProject
Project("{FAE04EC0-301F-11D3-BF4B-00C04F79EFBC}") = "SSNZ.ITunes.Models", "SSNZ.ITunes.Models\SSNZ.ITunes.Models.csproj", "{B4788864-AA1C-4251-8ABA-C07EC060D84E}"
EndProject
Project("{FAE04EC0-301F-11D3-BF4B-00C04F79EFBC}") = "SSNZ.Problems.Data", "SSNZ.Problems.Data\SSNZ.Problems.Data.csproj", "{5C5C149F-F6CA-49B2-961E-EF83A78EAC16}"
EndProject
Project("{FAE04EC0-301F-11D3-BF4B-00C04F79EFBC}") = "SSNZ.Problems.Models", "SSNZ.Problems.Models\SSNZ.Problems.Models.csproj", "{53D75F09-E058-47BE-B31A-E2A7062B0EDB}"
EndProject
Project("{FAE04EC0-301F-11D3-BF4B-00C04F79EFBC}") = "SSNZ.ITunes.ImporterWin", "SSNZ.ITunes.ImporterWin\SSNZ.ITunes.ImporterWin.csproj", "{CE14B866-3522-45AD-A91C-4699964F3D23}"
EndProject
Global
	GlobalSection(SolutionConfigurationPlatforms) = preSolution
		Debug|Any CPU = Debug|Any CPU
		Release|Any CPU = Release|Any CPU
	EndGlobalSection
	GlobalSection(ProjectConfigurationPlatforms) = postSolution
		{E8201CA0-A946-49CC-8EEE-EB42FF97712E}.Debug|Any CPU.ActiveCfg = Debug|Any CPU
		{E8201CA0-A946-49CC-8EEE-EB42FF97712E}.Debug|Any CPU.Build.0 = Debug|Any CPU
		{E8201CA0-A946-49CC-8EEE-EB42FF97712E}.Release|Any CPU.ActiveCfg = Release|Any CPU
		{E8201CA0-A946-49CC-8EEE-EB42FF97712E}.Release|Any CPU.Build.0 = Release|Any CPU
		{0142D2E2-1318-4368-BA05-9671EA4FECF3}.Debug|Any CPU.ActiveCfg = Debug|Any CPU
		{0142D2E2-1318-4368-BA05-9671EA4FECF3}.Debug|Any CPU.Build.0 = Debug|Any CPU
		{0142D2E2-1318-4368-BA05-9671EA4FECF3}.Release|Any CPU.ActiveCfg = Release|Any CPU
		{0142D2E2-1318-4368-BA05-9671EA4FECF3}.Release|Any CPU.Build.0 = Release|Any CPU
		{E4B4D7A4-3E97-40BC-9512-0805BEB262E6}.Debug|Any CPU.ActiveCfg = Debug|Any CPU
		{E4B4D7A4-3E97-40BC-9512-0805BEB262E6}.Debug|Any CPU.Build.0 = Debug|Any CPU
		{E4B4D7A4-3E97-40BC-9512-0805BEB262E6}.Release|Any CPU.ActiveCfg = Release|Any CPU
		{E4B4D7A4-3E97-40BC-9512-0805BEB262E6}.Release|Any CPU.Build.0 = Release|Any CPU
		{9137DE7F-8D49-42D6-B731-A6E03485CF3C}.Debug|Any CPU.ActiveCfg = Debug|Any CPU
		{9137DE7F-8D49-42D6-B731-A6E03485CF3C}.Debug|Any CPU.Build.0 = Debug|Any CPU
		{9137DE7F-8D49-42D6-B731-A6E03485CF3C}.Release|Any CPU.ActiveCfg = Release|Any CPU
		{9137DE7F-8D49-42D6-B731-A6E03485CF3C}.Release|Any CPU.Build.0 = Release|Any CPU
		{EDAF4F51-48AE-47FD-9361-3B14074F0AD4}.Debug|Any CPU.ActiveCfg = Debug|Any CPU
		{EDAF4F51-48AE-47FD-9361-3B14074F0AD4}.Debug|Any CPU.Build.0 = Debug|Any CPU
		{EDAF4F51-48AE-47FD-9361-3B14074F0AD4}.Release|Any CPU.ActiveCfg = Release|Any CPU
		{EDAF4F51-48AE-47FD-9361-3B14074F0AD4}.Release|Any CPU.Build.0 = Release|Any CPU
		{0D699DD1-7565-42B4-85C9-29B1FEB20839}.Debug|Any CPU.ActiveCfg = Debug|Any CPU
		{0D699DD1-7565-42B4-85C9-29B1FEB20839}.Debug|Any CPU.Build.0 = Debug|Any CPU
		{0D699DD1-7565-42B4-85C9-29B1FEB20839}.Release|Any CPU.ActiveCfg = Release|Any CPU
		{0D699DD1-7565-42B4-85C9-29B1FEB20839}.Release|Any CPU.Build.0 = Release|Any CPU
		{8BB1ECBF-1B7A-4D22-A3B8-5C00D5C3C97D}.Debug|Any CPU.ActiveCfg = Debug|Any CPU
		{8BB1ECBF-1B7A-4D22-A3B8-5C00D5C3C97D}.Debug|Any CPU.Build.0 = Debug|Any CPU
		{8BB1ECBF-1B7A-4D22-A3B8-5C00D5C3C97D}.Release|Any CPU.ActiveCfg = Release|Any CPU
		{8BB1ECBF-1B7A-4D22-A3B8-5C00D5C3C97D}.Release|Any CPU.Build.0 = Release|Any CPU
		{7FFB9CAA-3974-457D-A9D4-50BC387F1D10}.Debug|Any CPU.ActiveCfg = Debug|Any CPU
		{7FFB9CAA-3974-457D-A9D4-50BC387F1D10}.Debug|Any CPU.Build.0 = Debug|Any CPU
		{7FFB9CAA-3974-457D-A9D4-50BC387F1D10}.Release|Any CPU.ActiveCfg = Release|Any CPU
		{7FFB9CAA-3974-457D-A9D4-50BC387F1D10}.Release|Any CPU.Build.0 = Release|Any CPU
		{7B89F013-80F2-454B-A5FC-081C0901E6AB}.Debug|Any CPU.ActiveCfg = Debug|Any CPU
		{7B89F013-80F2-454B-A5FC-081C0901E6AB}.Debug|Any CPU.Build.0 = Debug|Any CPU
		{7B89F013-80F2-454B-A5FC-081C0901E6AB}.Release|Any CPU.ActiveCfg = Release|Any CPU
		{7B89F013-80F2-454B-A5FC-081C0901E6AB}.Release|Any CPU.Build.0 = Release|Any CPU
		{9D1104AA-CF15-457B-BF19-41CE5445F3BE}.Debug|Any CPU.ActiveCfg = Debug|Any CPU
		{9D1104AA-CF15-457B-BF19-41CE5445F3BE}.Debug|Any CPU.Build.0 = Debug|Any CPU
		{9D1104AA-CF15-457B-BF19-41CE5445F3BE}.Debug|Any CPU.Deploy.0 = Debug|Any CPU
		{9D1104AA-CF15-457B-BF19-41CE5445F3BE}.Release|Any CPU.ActiveCfg = Release|Any CPU
		{9D1104AA-CF15-457B-BF19-41CE5445F3BE}.Release|Any CPU.Build.0 = Release|Any CPU
		{9D1104AA-CF15-457B-BF19-41CE5445F3BE}.Release|Any CPU.Deploy.0 = Release|Any CPU
		{B04A44DA-8E9E-4DFC-8FC0-0CE037F36BD1}.Debug|Any CPU.ActiveCfg = Debug|Any CPU
		{B04A44DA-8E9E-4DFC-8FC0-0CE037F36BD1}.Debug|Any CPU.Build.0 = Debug|Any CPU
		{B04A44DA-8E9E-4DFC-8FC0-0CE037F36BD1}.Release|Any CPU.ActiveCfg = Release|Any CPU
		{B04A44DA-8E9E-4DFC-8FC0-0CE037F36BD1}.Release|Any CPU.Build.0 = Release|Any CPU
		{5C5E3F0F-C789-478D-BA21-3F1E65402C7C}.Debug|Any CPU.ActiveCfg = Debug|Any CPU
		{5C5E3F0F-C789-478D-BA21-3F1E65402C7C}.Debug|Any CPU.Build.0 = Debug|Any CPU
		{5C5E3F0F-C789-478D-BA21-3F1E65402C7C}.Release|Any CPU.ActiveCfg = Release|Any CPU
		{5C5E3F0F-C789-478D-BA21-3F1E65402C7C}.Release|Any CPU.Build.0 = Release|Any CPU
		{39C0275C-0DDA-4C85-98CB-1740DE900D96}.Debug|Any CPU.ActiveCfg = Debug|Any CPU
		{39C0275C-0DDA-4C85-98CB-1740DE900D96}.Debug|Any CPU.Build.0 = Debug|Any CPU
		{39C0275C-0DDA-4C85-98CB-1740DE900D96}.Release|Any CPU.ActiveCfg = Release|Any CPU
		{39C0275C-0DDA-4C85-98CB-1740DE900D96}.Release|Any CPU.Build.0 = Release|Any CPU
		{A60C0D6A-85BD-4E6D-94F7-8E13262052C9}.Debug|Any CPU.ActiveCfg = Debug|Any CPU
		{A60C0D6A-85BD-4E6D-94F7-8E13262052C9}.Debug|Any CPU.Build.0 = Debug|Any CPU
		{A60C0D6A-85BD-4E6D-94F7-8E13262052C9}.Release|Any CPU.ActiveCfg = Release|Any CPU
		{A60C0D6A-85BD-4E6D-94F7-8E13262052C9}.Release|Any CPU.Build.0 = Release|Any CPU
		{5941F8B9-FC01-4EA7-B776-BCF03F8BD7B8}.Debug|Any CPU.ActiveCfg = Debug|Any CPU
		{5941F8B9-FC01-4EA7-B776-BCF03F8BD7B8}.Debug|Any CPU.Build.0 = Debug|Any CPU
		{5941F8B9-FC01-4EA7-B776-BCF03F8BD7B8}.Release|Any CPU.ActiveCfg = Release|Any CPU
		{5941F8B9-FC01-4EA7-B776-BCF03F8BD7B8}.Release|Any CPU.Build.0 = Release|Any CPU
		{F347ED38-8182-48A6-B47D-B9FF31C640FA}.Debug|Any CPU.ActiveCfg = Debug|Any CPU
		{F347ED38-8182-48A6-B47D-B9FF31C640FA}.Debug|Any CPU.Build.0 = Debug|Any CPU
		{F347ED38-8182-48A6-B47D-B9FF31C640FA}.Release|Any CPU.ActiveCfg = Release|Any CPU
		{F347ED38-8182-48A6-B47D-B9FF31C640FA}.Release|Any CPU.Build.0 = Release|Any CPU
		{F281330F-413E-47CD-A2CE-0564A3E7CEE8}.Debug|Any CPU.ActiveCfg = Debug|Any CPU
		{F281330F-413E-47CD-A2CE-0564A3E7CEE8}.Debug|Any CPU.Build.0 = Debug|Any CPU
		{F281330F-413E-47CD-A2CE-0564A3E7CEE8}.Release|Any CPU.ActiveCfg = Release|Any CPU
		{F281330F-413E-47CD-A2CE-0564A3E7CEE8}.Release|Any CPU.Build.0 = Release|Any CPU
		{A4A9E4BD-9B21-4B75-AF95-8E8342A9AF43}.Debug|Any CPU.ActiveCfg = Debug|Any CPU
		{A4A9E4BD-9B21-4B75-AF95-8E8342A9AF43}.Debug|Any CPU.Build.0 = Debug|Any CPU
		{A4A9E4BD-9B21-4B75-AF95-8E8342A9AF43}.Release|Any CPU.ActiveCfg = Release|Any CPU
		{A4A9E4BD-9B21-4B75-AF95-8E8342A9AF43}.Release|Any CPU.Build.0 = Release|Any CPU
		{584E9532-17B9-42C6-BB6F-D8D27B6E8638}.Debug|Any CPU.ActiveCfg = Debug|Any CPU
		{584E9532-17B9-42C6-BB6F-D8D27B6E8638}.Debug|Any CPU.Build.0 = Debug|Any CPU
		{584E9532-17B9-42C6-BB6F-D8D27B6E8638}.Release|Any CPU.ActiveCfg = Release|Any CPU
		{584E9532-17B9-42C6-BB6F-D8D27B6E8638}.Release|Any CPU.Build.0 = Release|Any CPU
		{D92C017B-FB62-4EA8-AC4C-1F8150FA8633}.Debug|Any CPU.ActiveCfg = Debug|Any CPU
		{D92C017B-FB62-4EA8-AC4C-1F8150FA8633}.Debug|Any CPU.Build.0 = Debug|Any CPU
		{D92C017B-FB62-4EA8-AC4C-1F8150FA8633}.Release|Any CPU.ActiveCfg = Release|Any CPU
		{D92C017B-FB62-4EA8-AC4C-1F8150FA8633}.Release|Any CPU.Build.0 = Release|Any CPU
		{27EAC127-0675-4C94-BB4F-90A31D2D2C37}.Debug|Any CPU.ActiveCfg = Debug|Any CPU
		{27EAC127-0675-4C94-BB4F-90A31D2D2C37}.Debug|Any CPU.Build.0 = Debug|Any CPU
		{27EAC127-0675-4C94-BB4F-90A31D2D2C37}.Release|Any CPU.ActiveCfg = Release|Any CPU
		{27EAC127-0675-4C94-BB4F-90A31D2D2C37}.Release|Any CPU.Build.0 = Release|Any CPU
		{2D47B70E-CD25-4A79-840F-2AEA765C0361}.Debug|Any CPU.ActiveCfg = Debug|Any CPU
		{2D47B70E-CD25-4A79-840F-2AEA765C0361}.Debug|Any CPU.Build.0 = Debug|Any CPU
		{2D47B70E-CD25-4A79-840F-2AEA765C0361}.Release|Any CPU.ActiveCfg = Release|Any CPU
		{2D47B70E-CD25-4A79-840F-2AEA765C0361}.Release|Any CPU.Build.0 = Release|Any CPU
		{A5B84968-B5D6-4B38-ADEE-1D8564FF7F49}.Debug|Any CPU.ActiveCfg = Debug|Any CPU
		{A5B84968-B5D6-4B38-ADEE-1D8564FF7F49}.Debug|Any CPU.Build.0 = Debug|Any CPU
		{A5B84968-B5D6-4B38-ADEE-1D8564FF7F49}.Release|Any CPU.ActiveCfg = Release|Any CPU
		{A5B84968-B5D6-4B38-ADEE-1D8564FF7F49}.Release|Any CPU.Build.0 = Release|Any CPU
		{B4788864-AA1C-4251-8ABA-C07EC060D84E}.Debug|Any CPU.ActiveCfg = Debug|Any CPU
		{B4788864-AA1C-4251-8ABA-C07EC060D84E}.Debug|Any CPU.Build.0 = Debug|Any CPU
		{B4788864-AA1C-4251-8ABA-C07EC060D84E}.Release|Any CPU.ActiveCfg = Release|Any CPU
		{B4788864-AA1C-4251-8ABA-C07EC060D84E}.Release|Any CPU.Build.0 = Release|Any CPU
		{5C5C149F-F6CA-49B2-961E-EF83A78EAC16}.Debug|Any CPU.ActiveCfg = Debug|Any CPU
		{5C5C149F-F6CA-49B2-961E-EF83A78EAC16}.Debug|Any CPU.Build.0 = Debug|Any CPU
		{5C5C149F-F6CA-49B2-961E-EF83A78EAC16}.Release|Any CPU.ActiveCfg = Release|Any CPU
		{5C5C149F-F6CA-49B2-961E-EF83A78EAC16}.Release|Any CPU.Build.0 = Release|Any CPU
		{53D75F09-E058-47BE-B31A-E2A7062B0EDB}.Debug|Any CPU.ActiveCfg = Debug|Any CPU
		{53D75F09-E058-47BE-B31A-E2A7062B0EDB}.Debug|Any CPU.Build.0 = Debug|Any CPU
		{53D75F09-E058-47BE-B31A-E2A7062B0EDB}.Release|Any CPU.ActiveCfg = Release|Any CPU
		{53D75F09-E058-47BE-B31A-E2A7062B0EDB}.Release|Any CPU.Build.0 = Release|Any CPU
		{CE14B866-3522-45AD-A91C-4699964F3D23}.Debug|Any CPU.ActiveCfg = Debug|Any CPU
		{CE14B866-3522-45AD-A91C-4699964F3D23}.Debug|Any CPU.Build.0 = Debug|Any CPU
		{CE14B866-3522-45AD-A91C-4699964F3D23}.Release|Any CPU.ActiveCfg = Release|Any CPU
		{CE14B866-3522-45AD-A91C-4699964F3D23}.Release|Any CPU.Build.0 = Release|Any CPU
	EndGlobalSection
	GlobalSection(SolutionProperties) = preSolution
		HideSolutionNode = FALSE
	EndGlobalSection
	GlobalSection(NestedProjects) = preSolution
		{0142D2E2-1318-4368-BA05-9671EA4FECF3} = {BE25C2FF-A0C3-41CA-8683-FF2559243116}
		{E4B4D7A4-3E97-40BC-9512-0805BEB262E6} = {BE25C2FF-A0C3-41CA-8683-FF2559243116}
		{9137DE7F-8D49-42D6-B731-A6E03485CF3C} = {BE25C2FF-A0C3-41CA-8683-FF2559243116}
		{EDAF4F51-48AE-47FD-9361-3B14074F0AD4} = {BE25C2FF-A0C3-41CA-8683-FF2559243116}
		{0D699DD1-7565-42B4-85C9-29B1FEB20839} = {5C6387D9-FA7C-4441-879F-2C18D056B2FA}
		{8BB1ECBF-1B7A-4D22-A3B8-5C00D5C3C97D} = {5C6387D9-FA7C-4441-879F-2C18D056B2FA}
		{7FFB9CAA-3974-457D-A9D4-50BC387F1D10} = {5C6387D9-FA7C-4441-879F-2C18D056B2FA}
		{7B89F013-80F2-454B-A5FC-081C0901E6AB} = {5C6387D9-FA7C-4441-879F-2C18D056B2FA}
		{B04A44DA-8E9E-4DFC-8FC0-0CE037F36BD1} = {C5DAAF09-6122-44EF-B58D-999A62F07DB6}
		{5C5E3F0F-C789-478D-BA21-3F1E65402C7C} = {C5DAAF09-6122-44EF-B58D-999A62F07DB6}
		{39C0275C-0DDA-4C85-98CB-1740DE900D96} = {C5DAAF09-6122-44EF-B58D-999A62F07DB6}
		{A60C0D6A-85BD-4E6D-94F7-8E13262052C9} = {C5DAAF09-6122-44EF-B58D-999A62F07DB6}
		{5941F8B9-FC01-4EA7-B776-BCF03F8BD7B8} = {84705C0F-D87E-4F56-B885-08A8A39EB5D9}
		{F347ED38-8182-48A6-B47D-B9FF31C640FA} = {84705C0F-D87E-4F56-B885-08A8A39EB5D9}
		{F281330F-413E-47CD-A2CE-0564A3E7CEE8} = {84705C0F-D87E-4F56-B885-08A8A39EB5D9}
		{A4A9E4BD-9B21-4B75-AF95-8E8342A9AF43} = {84705C0F-D87E-4F56-B885-08A8A39EB5D9}
		{584E9532-17B9-42C6-BB6F-D8D27B6E8638} = {72828614-5471-4DC8-B477-D9076FEC9B34}
		{D92C017B-FB62-4EA8-AC4C-1F8150FA8633} = {28DC76C4-FE2D-44E1-882C-824CB769218E}
		{27EAC127-0675-4C94-BB4F-90A31D2D2C37} = {72828614-5471-4DC8-B477-D9076FEC9B34}
		{2D47B70E-CD25-4A79-840F-2AEA765C0361} = {28DC76C4-FE2D-44E1-882C-824CB769218E}
		{A5B84968-B5D6-4B38-ADEE-1D8564FF7F49} = {72828614-5471-4DC8-B477-D9076FEC9B34}
		{B4788864-AA1C-4251-8ABA-C07EC060D84E} = {72828614-5471-4DC8-B477-D9076FEC9B34}
		{5C5C149F-F6CA-49B2-961E-EF83A78EAC16} = {28DC76C4-FE2D-44E1-882C-824CB769218E}
		{53D75F09-E058-47BE-B31A-E2A7062B0EDB} = {28DC76C4-FE2D-44E1-882C-824CB769218E}
		{CE14B866-3522-45AD-A91C-4699964F3D23} = {72828614-5471-4DC8-B477-D9076FEC9B34}
	EndGlobalSection
EndGlobal
